
Microsoft Visual Studio Solution File, Format Version 12.00
# Visual Studio 15
VisualStudioVersion = 15.0.27703.2035
MinimumVisualStudioVersion = 10.0.40219.1
Project("{8BC9CEB8-8B4A-11D0-8D11-00A0C91BC942}") = "Space Invaders", "Space Invaders\Space Invaders.vcxproj", "{9A9A7C32-2D56-425C-89CE-244F5E13423F}"
EndProject
Global
	GlobalSection(SolutionConfigurationPlatforms) = preSolution
		Debug|x64 = Debug|x64
		Debug|x86 = Debug|x86
		Release|x64 = Release|x64
		Release|x86 = Release|x86
	EndGlobalSection
	GlobalSection(ProjectConfigurationPlatforms) = postSolution
		{9A9A7C32-2D56-425C-89CE-244F5E13423F}.Debug|x64.ActiveCfg = Debug|x64
		{9A9A7C32-2D56-425C-89CE-244F5E13423F}.Debug|x64.Build.0 = Debug|x64
		{9A9A7C32-2D56-425C-89CE-244F5E13423F}.Debug|x86.ActiveCfg = Debug|Win32
		{9A9A7C32-2D56-425C-89CE-244F5E13423F}.Debug|x86.Build.0 = Debug|Win32
		{9A9A7C32-2D56-425C-89CE-244F5E13423F}.Release|x64.ActiveCfg = Release|x64
		{9A9A7C32-2D56-425C-89CE-244F5E13423F}.Release|x64.Build.0 = Release|x64
		{9A9A7C32-2D56-425C-89CE-244F5E13423F}.Release|x86.ActiveCfg = Release|Win32
		{9A9A7C32-2D56-425C-89CE-244F5E13423F}.Release|x86.Build.0 = Release|Win32
	EndGlobalSection
	GlobalSection(SolutionProperties) = preSolution
		HideSolutionNode = FALSE
	EndGlobalSection
	GlobalSection(ExtensibilityGlobals) = postSolution
		SolutionGuid = {2AA2C39B-FC02-443F-BF54-6DEBE9F2FAE2}
	EndGlobalSection
EndGlobal
